
Microsoft Visual Studio Solution File, Format Version 12.00
# Visual Studio Version 17
VisualStudioVersion = 17.2.32526.322
MinimumVisualStudioVersion = 10.0.40219.1
Project("{FAE04EC0-301F-11D3-BF4B-00C04F79EFBC}") = "ProjetoLeitorSerial", "ProjetoLeitorSerial\ProjetoLeitorSerial.csproj", "{4E79F17F-11B2-403E-9B85-7457317E2B69}"
EndProject
Global
	GlobalSection(SolutionConfigurationPlatforms) = preSolution
		Debug|Any CPU = Debug|Any CPU
		Release|Any CPU = Release|Any CPU
	EndGlobalSection
	GlobalSection(ProjectConfigurationPlatforms) = postSolution
		{4E79F17F-11B2-403E-9B85-7457317E2B69}.Debug|Any CPU.ActiveCfg = Debug|Any CPU
		{4E79F17F-11B2-403E-9B85-7457317E2B69}.Debug|Any CPU.Build.0 = Debug|Any CPU
		{4E79F17F-11B2-403E-9B85-7457317E2B69}.Release|Any CPU.ActiveCfg = Release|Any CPU
		{4E79F17F-11B2-403E-9B85-7457317E2B69}.Release|Any CPU.Build.0 = Release|Any CPU
	EndGlobalSection
	GlobalSection(SolutionProperties) = preSolution
		HideSolutionNode = FALSE
	EndGlobalSection
	GlobalSection(ExtensibilityGlobals) = postSolution
		SolutionGuid = {B055A583-16DF-4CE7-8170-32F95DBE13D6}
	EndGlobalSection
EndGlobal
